GEM
  remote: https://rubygems.org/
  specs:
    benchmark (0.5.0)
    curses (1.7.0)
    erubi (1.13.1)
    logger (1.7.0)
    netrc (0.11.0)
    parallel (2.1.0)
    prism (1.9.0)
    rbi (0.4.3)
      prism (~> 1.0)
      rbs (>= 4.0.1)
    rbs (4.2.0)
      logger
      prism (>= 1.6.0)
      tsort
    require-hooks (0.5.1)
    rexml (3.4.4)
    rubydex (0.4.1-arm64-darwin)
    sorbet (0.6.13480)
      sorbet-static (= 0.6.13480)
    sorbet-runtime (0.6.13480)
    sorbet-static (0.6.13480-universal-darwin)
    sorbet-static-and-runtime (0.6.13480)
      sorbet (= 0.6.13480)
      sorbet-runtime (= 0.6.13480)
    spoom (1.8.7)
      erubi (>= 1.10.0)
      prism (>= 0.28.0)
      rbi (>= 0.4.2)
      rbs (>= 4.0.0.dev.5)
      rexml (>= 3.2.6)
      sorbet-static-and-runtime (>= 0.5.10187)
      thor (>= 0.19.2)
    sqlite3 (2.9.6-arm64-darwin)
    tapioca (0.19.2)
      benchmark
      bundler (>= 2.2.25)
      netrc (>= 0.11.0)
      parallel (>= 1.21.0)
      rbi (>= 0.3.7)
      require-hooks (>= 0.2.2)
      rubydex (>= 0.1.0.beta10)
      sorbet-static-and-runtime (>= 0.6.12698)
      spoom (>= 1.7.16)
      thor (>= 1.2.0)
      tsort
    thor (1.5.0)
    tsort (0.2.0)

PLATFORMS
  arm64-darwin-24

DEPENDENCIES
  curses (~> 1.7)
  sorbet (~> 0.6.13480)
  sorbet-runtime (~> 0.6.13480)
  sqlite3 (~> 2.9)
  tapioca (~> 0.19.2)

CHECKSUMS
  benchmark (0.5.0) sha256=465df122341aedcb81a2a24b4d3bd19b6c67c1530713fd533f3ff034e419236c
  curses (1.7.0) sha256=c524ff30704bbd136d68d2731263b31edaf4f236b0cbb9b8dd6c802de3317057
  erubi (1.13.1) sha256=a082103b0885dbc5ecf1172fede897f9ebdb745a4b97a5e8dc63953db1ee4ad9
  logger (1.7.0) sha256=196edec7cc44b66cfb40f9755ce11b392f21f7967696af15d274dde7edff0203
  netrc (0.11.0) sha256=de1ce33da8c99ab1d97871726cba75151113f117146becbe45aa85cb3dabee3f
  parallel (2.1.0) sha256=b35258865c2e31134c5ecb708beaaf6772adf9d5efae28e93e99260877b09356
  prism (1.9.0) sha256=7b530c6a9f92c24300014919c9dcbc055bf4cdf51ec30aed099b06cd6674ef85
  rbi (0.4.3) sha256=cc090ae62c3246412b992954f54077d6046c9b04f1537a4d24bfae8714503eac
  rbs (4.2.0) sha256=51f7b886dcc05bc09e10b901daa6a81829f6adc03101d6ca9ea4aac6103e0674
  require-hooks (0.5.1) sha256=49a6b14518b91c5b8006d0644ef257af0ca033df23625bd4e314a8c5282191d9
  rexml (3.4.4) sha256=19e0a2c3425dfbf2d4fc1189747bdb2f849b6c5e74180401b15734bc97b5d142
  rubydex (0.4.1-arm64-darwin) sha256=d23720253876d88fb98954e5d3a1ef9696a269697acf50e3ab53cdfbb2b66b96
  sorbet (0.6.13480) sha256=0fc7f52c81f1298a104571f094a5348edcab284e2bcbd995c8abbc88fd3c3b37
  sorbet-runtime (0.6.13480) sha256=bd53c68cabe31658cbaeed9368d793af0a9d276c60d21a8b6456dc81c2072d19
  sorbet-static (0.6.13480-universal-darwin) sha256=7c3752a8b117385c75d355100de547ce2ac54176a63dcc7dd1f4fd417d1b6693
  sorbet-static-and-runtime (0.6.13480) sha256=5e4b1842b4f0361f747c23d3ba072248487aaa619b4e71a27d04d154d71b8553
  spoom (1.8.7) sha256=81960502cdf23aa991f015988aa5dd43325e23ae4318b8e00d541299cbdb70f6
  sqlite3 (2.9.6-arm64-darwin) sha256=849b5d7f795e60fe25076d62c72dd722beb45b3850b516ad978d60ee848ec15b
  tapioca (0.19.2) sha256=938731b07811aee8d23871b1aee8861d464fbaf2cfffbf79a62b0c869a5120ec
  thor (1.5.0) sha256=e3a9e55fe857e44859ce104a84675ab6e8cd59c650a49106a05f55f136425e73
  tsort (0.2.0) sha256=9650a793f6859a43b6641671278f79cfead60ac714148aabe4e3f0060480089f

BUNDLED WITH
  4.0.3
